
Microsoft Visual Studio Solution File, Format Version 12.00
# Visual Studio Version 17
VisualStudioVersion = 17.5.33530.505
MinimumVisualStudioVersion = 10.0.40219.1
Project("{FAE04EC0-301F-11D3-BF4B-00C04F79EFBC}") = "WindowsFormsApp5", "WindowsFormsApp5\WindowsFormsApp5.csproj", "{A6EEB3D4-EA51-4BFF-BA17-168E7CBE5784}"
EndProject
Global
	GlobalSection(SolutionConfigurationPlatforms) = preSolution
		Debug|Any CPU = Debug|Any CPU
		Release|Any CPU = Release|Any CPU
	EndGlobalSection
	GlobalSection(ProjectConfigurationPlatforms) = postSolution
		{A6EEB3D4-EA51-4BFF-BA17-168E7CBE5784}.Debug|Any CPU.ActiveCfg = Debug|Any CPU
		{A6EEB3D4-EA51-4BFF-BA17-168E7CBE5784}.Debug|Any CPU.Build.0 = Debug|Any CPU
		{A6EEB3D4-EA51-4BFF-BA17-168E7CBE5784}.Release|Any CPU.ActiveCfg = Release|Any CPU
		{A6EEB3D4-EA51-4BFF-BA17-168E7CBE5784}.Release|Any CPU.Build.0 = Release|Any CPU
	EndGlobalSection
	GlobalSection(SolutionProperties) = preSolution
		HideSolutionNode = FALSE
	EndGlobalSection
	GlobalSection(ExtensibilityGlobals) = postSolution
		SolutionGuid = {EE3C92AD-19F2-469C-9988-F9FD1199FBF9}
	EndGlobalSection
EndGlobal
